version = 1

[package]
name = "evolving-dob-profile-v1"
version = "1.0.0"
namespace = "dob"
source_hash = "51b82c042f7d55d9efc6e33a47e80a67cc231c75bb26bcb2f5579f33b6956f1b"
compiler_source_hash = "b27b16d94eec47b3fe868a5c5fd62320bb78b91bbf97c7d9eb16418024a6d7a9"

[dependencies]

[package_build]
compiler_version = "0.17.0"
target_profile = "ckb"
artifact_hash = "57f1fac0b03ee4b142462ab39b44259040b3537a0de3385a9df3984e2e9f2944"
metadata_hash = "ec151e7849be893d113c7c250cee229b2d01c705d6d4c7b40be9207e27f0b4c7"
schema_hash = "5b52a99e494a2f25b4c443be123c986e4df571b7a6013450586cbdb7a721adbf"
cell_data_codec_manifest_hash = "3a0d8795c09edc7759b1ba399d8540214bdd3f2522519f8d935e4bf9fb5235d2"
abi_hash = "a5657e8da9ff50f2bb0dd15b1f59bff0d1ae5b93b872d5e86c85f6d24193282d"
constraints_hash = "20093053e93f88173d6f6f2c4ca66faeb883db6b5fdb44b3ff3a943e4d87dcef"

[deployment.devnet]
record = "0x9ab94283a5109f7a6b5c94c82a75479d5425e5af36a17371164941f8fba15593:0"
record_hash = "7d1010744293d18cd3dce404d6580f26aa8e3ff8043b1ff31c649f083af2b0c8"
code_hash = "0x57f1fac0b03ee4b142462ab39b44259040b3537a0de3385a9df3984e2e9f2944"
out_point = "0x9ab94283a5109f7a6b5c94c82a75479d5425e5af36a17371164941f8fba15593:0"
data_hash = "0x57f1fac0b03ee4b142462ab39b44259040b3537a0de3385a9df3984e2e9f2944"
